
Microsoft Visual Studio Solution File, Format Version 12.00
# Visual Studio Version 16
VisualStudioVersion = 16.0.29920.165
MinimumVisualStudioVersion = 10.0.40219.1
Project("{FAE04EC0-301F-11D3-BF4B-00C04F79EFBC}") = "WSEngine", "WSEngine\WSEngine.csproj", "{402D4078-C106-4DF0-B07A-C105175B30BA}"
EndProject
Global
	GlobalSection(SolutionConfigurationPlatforms) = preSolution
		Debug|Any CPU = Debug|Any CPU
		Release|Any CPU = Release|Any CPU
	EndGlobalSection
	GlobalSection(ProjectConfigurationPlatforms) = postSolution
		{402D4078-C106-4DF0-B07A-C105175B30BA}.Debug|Any CPU.ActiveCfg = Debug|Any CPU
		{402D4078-C106-4DF0-B07A-C105175B30BA}.Debug|Any CPU.Build.0 = Debug|Any CPU
		{402D4078-C106-4DF0-B07A-C105175B30BA}.Release|Any CPU.ActiveCfg = Release|Any CPU
		{402D4078-C106-4DF0-B07A-C105175B30BA}.Release|Any CPU.Build.0 = Release|Any CPU
	EndGlobalSection
	GlobalSection(SolutionProperties) = preSolution
		HideSolutionNode = FALSE
	EndGlobalSection
	GlobalSection(ExtensibilityGlobals) = postSolution
		SolutionGuid = {FF31410B-F959-4AEF-822D-269DFB90204E}
	EndGlobalSection
EndGlobal
